// !$*UTF8*$!
{
	archiveVersion = 1;
	classes = {
	};
	objectVersion = 56;
	objects = {

/* Begin PBXBuildFile section */
		83CEE4C82A027816004BB473 /* HosterFiveApp.swift in Sources */ = {isa = PBXBuildFile; fileRef = 83CEE4C72A027816004BB473 /* HosterFiveApp.swift */; };
		83CEE4CA2A027816004BB473 /* ContentView.swift in Sources */ = {isa = PBXBuildFile; fileRef = 83CEE4C92A027816004BB473 /* ContentView.swift */; };
		83CEE4CC2A027818004BB473 /* Assets.xcassets in Resources */ = {isa = PBXBuildFile; fileRef = 83CEE4CB2A027818004BB473 /* Assets.xcassets */; };
		83CEE4CF2A027818004BB473 /* Preview Assets.xcassets in Resources */ = {isa = PBXBuildFile; fileRef = 83CEE4CE2A027818004BB473 /* Preview Assets.xcassets */; };
		83CEE5102A027B5F004BB473 /* Segment-binaries in Frameworks */ = {isa = PBXBuildFile; productRef = 83CEE50F2A027B5F004BB473 /* Segment-binaries */; };
		83CEE5122A027B5F004BB473 /* Sovran in Frameworks */ = {isa = PBXBuildFile; productRef = 83CEE5112A027B5F004BB473 /* Sovran */; };
/* End PBXBuildFile section */

/* Begin PBXFileReference section */
		83CEE4C42A027816004BB473 /* HosterFive.app */ = {isa = PBXFileReference; explicitFileType = wrapper.application; includeInIndex = 0; path = HosterFive.app; sourceTree = BUILT_PRODUCTS_DIR; };
		83CEE4C72A027816004BB473 /* HosterFiveApp.swift */ = {isa = PBXFileReference; lastKnownFileType = sourcecode.swift; path = HosterFiveApp.swift; sourceTree = "<group>"; };
		83CEE4C92A027816004BB473 /* ContentView.swift */ = {isa = PBXFileReference; lastKnownFileType = sourcecode.swift; path = ContentView.swift; sourceTree = "<group>"; };
		83CEE4CB2A027818004BB473 /* Assets.xcassets */ = {isa = PBXFileReference; lastKnownFileType = folder.assetcatalog; path = Assets.xcassets; sourceTree = "<group>"; };
		83CEE4CE2A027818004BB473 /* Preview Assets.xcassets */ = {isa = PBXFileReference; lastKnownFileType = folder.assetcatalog; path = "Preview Assets.xcassets"; sourceTree = "<group>"; };
		83CEE4D02A027818004BB473 /* HosterFive.entitlements */ = {isa = PBXFileReference; lastKnownFileType = text.plist.entitlements; path = HosterFive.entitlements; sourceTree = "<group>"; };
		83CEE5092A027AD4004BB473 /* Sovran */ = {isa = PBXFileReference; lastKnownFileType = wrapper; path = Sovran; sourceTree = "<group>"; };
		83CEE50E2A027B40004BB473 /* segment-binaries */ = {isa = PBXFileReference; lastKnownFileType = wrapper; path = "segment-binaries"; sourceTree = "<group>"; };
/* End PBXFileReference section */

/* Begin PBXFrameworksBuildPhase section */
		83CEE4C12A027816004BB473 /* Frameworks */ = {
			isa = PBXFrameworksBuildPhase;
			buildActionMask = 2147483647;
			files = (
				83CEE5102A027B5F004BB473 /* Segment-binaries in Frameworks */,
				83CEE5122A027B5F004BB473 /* Sovran in Frameworks */,
			);
			runOnlyForDeploymentPostprocessing = 0;
		};
/* End PBXFrameworksBuildPhase section */

/* Begin PBXGroup section */
		83CEE4BB2A027816004BB473 = {
			isa = PBXGroup;
			children = (
				83CEE50E2A027B40004BB473 /* segment-binaries */,
				83CEE5092A027AD4004BB473 /* Sovran */,
				83CEE4C62A027816004BB473 /* HosterFive */,
				83CEE4C52A027816004BB473 /* Products */,
				83CEE4D82A0278A5004BB473 /* Frameworks */,
			);
			sourceTree = "<group>";
		};
		83CEE4C52A027816004BB473 /* Products */ = {
			isa = PBXGroup;
			children = (
				83CEE4C42A027816004BB473 /* HosterFive.app */,
			);
			name = Products;
			sourceTree = "<group>";
		};
		83CEE4C62A027816004BB473 /* HosterFive */ = {
			isa = PBXGroup;
			children = (
				83CEE4C72A027816004BB473 /* HosterFiveApp.swift */,
				83CEE4C92A027816004BB473 /* ContentView.swift */,
				83CEE4CB2A027818004BB473 /* Assets.xcassets */,
				83CEE4D02A027818004BB473 /* HosterFive.entitlements */,
				83CEE4CD2A027818004BB473 /* Preview Content */,
			);
			path = HosterFive;
			sourceTree = "<group>";
		};
		83CEE4CD2A027818004BB473 /* Preview Content */ = {
			isa = PBXGroup;
			children = (
				83CEE4CE2A027818004BB473 /* Preview Assets.xcassets */,
			);
			path = "Preview Content";
			sourceTree = "<group>";
		};
		83CEE4D82A0278A5004BB473 /* Frameworks */ = {
			isa = PBXGroup;
			children = (
			);
			name = Frameworks;
			sourceTree = "<group>";
		};
/* End PBXGroup section */

/* Begin PBXNativeTarget section */
		83CEE4C32A027816004BB473 /* HosterFive */ = {
			isa = PBXNativeTarget;
			buildConfigurationList = 83CEE4D32A027818004BB473 /* Build configuration list for PBXNativeTarget "HosterFive" */;
			buildPhases = (
				83CEE4C02A027816004BB473 /* Sources */,
				83CEE4C12A027816004BB473 /* Frameworks */,
				83CEE4C22A027816004BB473 /* Resources */,
			);
			buildRules = (
			);
			dependencies = (
			);
			name = HosterFive;
			packageProductDependencies = (
				83CEE50F2A027B5F004BB473 /* Segment-binaries */,
				83CEE5112A027B5F004BB473 /* Sovran */,
			);
			productName = HosterFive;
			productReference = 83CEE4C42A027816004BB473 /* HosterFive.app */;
			productType = "com.apple.product-type.application";
		};
/* End PBXNativeTarget section */

/* Begin PBXProject section */
		83CEE4BC2A027816004BB473 /* Project object */ = {
			isa = PBXProject;
			attributes = {
				BuildIndependentTargetsInParallel = 1;
				LastSwiftUpdateCheck = 1430;
				LastUpgradeCheck = 1430;
				TargetAttributes = {
					83CEE4C32A027816004BB473 = {
						CreatedOnToolsVersion = 14.3;
					};
				};
			};
			buildConfigurationList = 83CEE4BF2A027816004BB473 /* Build configuration list for PBXProject "HosterFive" */;
			compatibilityVersion = "Xcode 14.0";
			developmentRegion = en;
			hasScannedForEncodings = 0;
			knownRegions = (
				en,
				Base,
			);
			mainGroup = 83CEE4BB2A027816004BB473;
			productRefGroup = 83CEE4C52A027816004BB473 /* Products */;
			projectDirPath = "";
			projectRoot = "";
			targets = (
				83CEE4C32A027816004BB473 /* HosterFive */,
			);
		};
/* End PBXProject section */

/* Begin PBXResourcesBuildPhase section */
		83CEE4C22A027816004BB473 /* Resources */ = {
			isa = PBXResourcesBuildPhase;
			buildActionMask = 2147483647;
			files = (
				83CEE4CF2A027818004BB473 /* Preview Assets.xcassets in Resources */,
				83CEE4CC2A027818004BB473 /* Assets.xcassets in Resources */,
			);
			runOnlyForDeploymentPostprocessing = 0;
		};
/* End PBXResourcesBuildPhase section */

/* Begin PBXSourcesBuildPhase section */
		83CEE4C02A027816004BB473 /* Sources */ = {
			isa = PBXSourcesBuildPhase;
			buildActionMask = 2147483647;
			files = (
				83CEE4CA2A027816004BB473 /* ContentView.swift in Sources */,
				83CEE4C82A027816004BB473 /* HosterFiveApp.swift in Sources */,
			);
			runOnlyForDeploymentPostprocessing = 0;
		};
/* End PBXSourcesBuildPhase section */

/* Begin XCBuildConfiguration section */
		83CEE4D12A027818004BB473 /* Debug */ = {
			isa = XCBuildConfiguration;
			buildSettings = {
				ALWAYS_SEARCH_USER_PATHS = NO;
				CLANG_ANALYZER_NONNULL = YES;
				CLANG_ANALYZER_NUMBER_OBJECT_CONVERSION = YES_AGGRESSIVE;
				CLANG_CXX_LANGUAGE_STANDARD = "gnu++20";
				CLANG_ENABLE_MODULES = YES;
				CLANG_ENABLE_OBJC_ARC = YES;
				CLANG_ENABLE_OBJC_WEAK = YES;
				CLANG_WARN_BLOCK_CAPTURE_AUTORELEASING = YES;
				CLANG_WARN_BOOL_CONVERSION = YES;
				CLANG_WARN_COMMA = YES;
				CLANG_WARN_CONSTANT_CONVERSION = YES;
				CLANG_WARN_DEPRECATED_OBJC_IMPLEMENTATIONS = YES;
				CLANG_WARN_DIRECT_OBJC_ISA_USAGE = YES_ERROR;
				CLANG_WARN_DOCUMENTATION_COMMENTS = YES;
				CLANG_WARN_EMPTY_BODY = YES;
				CLANG_WARN_ENUM_CONVERSION = YES;
				CLANG_WARN_INFINITE_RECURSION = YES;
				CLANG_WARN_INT_CONVERSION = YES;
				CLANG_WARN_NON_LITERAL_NULL_CONVERSION = YES;
				CLANG_WARN_OBJC_IMPLICIT_RETAIN_SELF = YES;
				CLANG_WARN_OBJC_LITERAL_CONVERSION = YES;
				CLANG_WARN_OBJC_ROOT_CLASS = YES_ERROR;
				CLANG_WARN_QUOTED_INCLUDE_IN_FRAMEWORK_HEADER = YES;
				CLANG_WARN_RANGE_LOOP_ANALYSIS = YES;
				CLANG_WARN_STRICT_PROTOTYPES = YES;
				CLANG_WARN_SUSPICIOUS_MOVE = YES;
				CLANG_WARN_UNGUARDED_AVAILABILITY = YES_AGGRESSIVE;
				CLANG_WARN_UNREACHABLE_CODE = YES;
				CLANG_WARN__DUPLICATE_METHOD_MATCH = YES;
				COPY_PHASE_STRIP = NO;
				DEBUG_INFORMATION_FORMAT = dwarf;
				ENABLE_STRICT_OBJC_MSGSEND = YES;
				ENABLE_TESTABILITY = YES;
				GCC_C_LANGUAGE_STANDARD = gnu11;
				GCC_DYNAMIC_NO_PIC = NO;
				GCC_NO_COMMON_BLOCKS = YES;
				GCC_OPTIMIZATION_LEVEL = 0;
				GCC_PREPROCESSOR_DEFINITIONS = (
					"DEBUG=1",
					"$(inherited)",
				);
				GCC_WARN_64_TO_32_BIT_CONVERSION = YES;
				GCC_WARN_ABOUT_RETURN_TYPE = YES_ERROR;
				GCC_WARN_UNDECLARED_SELECTOR = YES;
				GCC_WARN_UNINITIALIZED_AUTOS = YES_AGGRESSIVE;
				GCC_WARN_UNUSED_FUNCTION = YES;
				GCC_WARN_UNUSED_VARIABLE = YES;
				MACOSX_DEPLOYMENT_TARGET = 13.3;
				MTL_ENABLE_DEBUG_INFO = INCLUDE_SOURCE;
				MTL_FAST_MATH = YES;
				ONLY_ACTIVE_ARCH = YES;
				SDKROOT = macosx;
				SWIFT_ACTIVE_COMPILATION_CONDITIONS = DEBUG;
				SWIFT_OPTIMIZATION_LEVEL = "-Onone";
			};
			name = Debug;
		};
		83CEE4D22A027818004BB473 /* Release */ = {
			isa = XCBuildConfiguration;
			buildSettings = {
				ALWAYS_SEARCH_USER_PATHS = NO;
				CLANG_ANALYZER_NONNULL = YES;
				CLANG_ANALYZER_NUMBER_OBJECT_CONVERSION = YES_AGGRESSIVE;
				CLANG_CXX_LANGUAGE_STANDARD = "gnu++20";
				CLANG_ENABLE_MODULES = YES;
				CLANG_ENABLE_OBJC_ARC = YES;
				CLANG_ENABLE_OBJC_WEAK = YES;
				CLANG_WARN_BLOCK_CAPTURE_AUTORELEASING = YES;
				CLANG_WARN_BOOL_CONVERSION = YES;
				CLANG_WARN_COMMA = YES;
				CLANG_WARN_CONSTANT_CONVERSION = YES;
				CLANG_WARN_DEPRECATED_OBJC_IMPLEMENTATIONS = YES;
				CLANG_WARN_DIRECT_OBJC_ISA_USAGE = YES_ERROR;
				CLANG_WARN_DOCUMENTATION_COMMENTS = YES;
				CLANG_WARN_EMPTY_BODY = YES;
				CLANG_WARN_ENUM_CONVERSION = YES;
				CLANG_WARN_INFINITE_RECURSION = YES;
				CLANG_WARN_INT_CONVERSION = YES;
				CLANG_WARN_NON_LITERAL_NULL_CONVERSION = YES;
				CLANG_WARN_OBJC_IMPLICIT_RETAIN_SELF = YES;
				CLANG_WARN_OBJC_LITERAL_CONVERSION = YES;
				CLANG_WARN_OBJC_ROOT_CLASS = YES_ERROR;
				CLANG_WARN_QUOTED_INCLUDE_IN_FRAMEWORK_HEADER = YES;
				CLANG_WARN_RANGE_LOOP_ANALYSIS = YES;
				CLANG_WARN_STRICT_PROTOTYPES = YES;
				CLANG_WARN_SUSPICIOUS_MOVE = YES;
				CLANG_WARN_UNGUARDED_AVAILABILITY = YES_AGGRESSIVE;
				CLANG_WARN_UNREACHABLE_CODE = YES;
				CLANG_WARN__DUPLICATE_METHOD_MATCH = YES;
				COPY_PHASE_STRIP = NO;
				DEBUG_INFORMATION_FORMAT = "dwarf-with-dsym";
				ENABLE_NS_ASSERTIONS = NO;
				ENABLE_STRICT_OBJC_MSGSEND = YES;
				GCC_C_LANGUAGE_STANDARD = gnu11;
				GCC_NO_COMMON_BLOCKS = YES;
				GCC_WARN_64_TO_32_BIT_CONVERSION = YES;
				GCC_WARN_ABOUT_RETURN_TYPE = YES_ERROR;
				GCC_WARN_UNDECLARED_SELECTOR = YES;
				GCC_WARN_UNINITIALIZED_AUTOS = YES_AGGRESSIVE;
				GCC_WARN_UNUSED_FUNCTION = YES;
				GCC_WARN_UNUSED_VARIABLE = YES;
				MACOSX_DEPLOYMENT_TARGET = 13.3;
				MTL_ENABLE_DEBUG_INFO = NO;
				MTL_FAST_MATH = YES;
				SDKROOT = macosx;
				SWIFT_COMPILATION_MODE = wholemodule;
				SWIFT_OPTIMIZATION_LEVEL = "-O";
			};
			name = Release;
		};
		83CEE4D42A027818004BB473 /* Debug */ = {
			isa = XCBuildConfiguration;
			buildSettings = {
				ASSETCATALOG_COMPILER_APPICON_NAME = AppIcon;
				ASSETCATALOG_COMPILER_GLOBAL_ACCENT_COLOR_NAME = AccentColor;
				CODE_SIGN_ENTITLEMENTS = HosterFive/HosterFive.entitlements;
				CODE_SIGN_STYLE = Automatic;
				COMBINE_HIDPI_IMAGES = YES;
				CURRENT_PROJECT_VERSION = 1;
				DEVELOPMENT_ASSET_PATHS = "\"HosterFive/Preview Content\"";
				DEVELOPMENT_TEAM = 5RMZ3ZU3DS;
				ENABLE_HARDENED_RUNTIME = YES;
				ENABLE_PREVIEWS = YES;
				GENERATE_INFOPLIST_FILE = YES;
				INFOPLIST_KEY_NSHumanReadableCopyright = "";
				LD_RUNPATH_SEARCH_PATHS = (
					"$(inherited)",
					"@executable_path/../Frameworks",
				);
				MARKETING_VERSION = 1.0;
				PRODUCT_BUNDLE_IDENTIFIER = com.shapedbyiris.HosterFive;
				PRODUCT_NAME = "$(TARGET_NAME)";
				SWIFT_EMIT_LOC_STRINGS = YES;
				SWIFT_VERSION = 5.0;
			};
			name = Debug;
		};
		83CEE4D52A027818004BB473 /* Release */ = {
			isa = XCBuildConfiguration;
			buildSettings = {
				ASSETCATALOG_COMPILER_APPICON_NAME = AppIcon;
				ASSETCATALOG_COMPILER_GLOBAL_ACCENT_COLOR_NAME = AccentColor;
				CODE_SIGN_ENTITLEMENTS = HosterFive/HosterFive.entitlements;
				CODE_SIGN_STYLE = Automatic;
				COMBINE_HIDPI_IMAGES = YES;
				CURRENT_PROJECT_VERSION = 1;
				DEVELOPMENT_ASSET_PATHS = "\"HosterFive/Preview Content\"";
				DEVELOPMENT_TEAM = 5RMZ3ZU3DS;
				ENABLE_HARDENED_RUNTIME = YES;
				ENABLE_PREVIEWS = YES;
				GENERATE_INFOPLIST_FILE = YES;
				INFOPLIST_KEY_NSHumanReadableCopyright = "";
				LD_RUNPATH_SEARCH_PATHS = (
					"$(inherited)",
					"@executable_path/../Frameworks",
				);
				MARKETING_VERSION = 1.0;
				PRODUCT_BUNDLE_IDENTIFIER = com.shapedbyiris.HosterFive;
				PRODUCT_NAME = "$(TARGET_NAME)";
				SWIFT_EMIT_LOC_STRINGS = YES;
				SWIFT_VERSION = 5.0;
			};
			name = Release;
		};
/* End XCBuildConfiguration section */

/* Begin XCConfigurationList section */
		83CEE4BF2A027816004BB473 /* Build configuration list for PBXProject "HosterFive" */ = {
			isa = XCConfigurationList;
			buildConfigurations = (
				83CEE4D12A027818004BB473 /* Debug */,
				83CEE4D22A027818004BB473 /* Release */,
			);
			defaultConfigurationIsVisible = 0;
			defaultConfigurationName = Release;
		};
		83CEE4D32A027818004BB473 /* Build configuration list for PBXNativeTarget "HosterFive" */ = {
			isa = XCConfigurationList;
			buildConfigurations = (
				83CEE4D42A027818004BB473 /* Debug */,
				83CEE4D52A027818004BB473 /* Release */,
			);
			defaultConfigurationIsVisible = 0;
			defaultConfigurationName = Release;
		};
/* End XCConfigurationList section */

/* Begin XCSwiftPackageProductDependency section */
		83CEE50F2A027B5F004BB473 /* Segment-binaries */ = {
			isa = XCSwiftPackageProductDependency;
			productName = "Segment-binaries";
		};
		83CEE5112A027B5F004BB473 /* Sovran */ = {
			isa = XCSwiftPackageProductDependency;
			productName = Sovran;
		};
/* End XCSwiftPackageProductDependency section */
	};
	rootObject = 83CEE4BC2A027816004BB473 /* Project object */;
}
